Microsoft Visual Studio Solution File, Format Version 12.00
# Visual Studio Version 17
VisualStudioVersion = 17.5.2.0
MinimumVisualStudioVersion = 10.0.40219.1
Project("{FAE04EC0-301F-11D3-BF4B-00C04F79EFBC}") = "first_assignment", "first_assignment.csproj", "{2E354570-1931-3A93-DE8F-12C044C57417}"
EndProject
Global
	GlobalSection(SolutionConfigurationPlatforms) = preSolution
		Debug|Any CPU = Debug|Any CPU
		Release|Any CPU = Release|Any CPU
	EndGlobalSection
	GlobalSection(ProjectConfigurationPlatforms) = postSolution
		{2E354570-1931-3A93-DE8F-12C044C57417}.Debug|Any CPU.ActiveCfg = Debug|Any CPU
		{2E354570-1931-3A93-DE8F-12C044C57417}.Debug|Any CPU.Build.0 = Debug|Any CPU
		{2E354570-1931-3A93-DE8F-12C044C57417}.Release|Any CPU.ActiveCfg = Release|Any CPU
		{2E354570-1931-3A93-DE8F-12C044C57417}.Release|Any CPU.Build.0 = Release|Any CPU
	EndGlobalSection
	GlobalSection(SolutionProperties) = preSolution
		HideSolutionNode = FALSE
	EndGlobalSection
	GlobalSection(ExtensibilityGlobals) = postSolution
		SolutionGuid = {121DEB09-6D56-48EF-A583-9F8627235805}
	EndGlobalSection
EndGlobal
